// !$*UTF8*$!
{
	archiveVersion = 1;
	classes = {
	};
	objectVersion = 46;
	objects = {

/* Begin PBXBuildFile section */
		89C884F43D1FABFE9F752CBF /* Pods_DogFeatureApp.framework in Frameworks */ = {isa = PBXBuildFile; fileRef = 3B820DAE92C8478F8EAAE247 /* Pods_DogFeatureApp.framework */; };
		98C6020B7EA7294FBC0A34D4 /* Pods_DogFeatureAppTests.framework in Frameworks */ = {isa = PBXBuildFile; fileRef = 123FB44E397889A5D369F317 /* Pods_DogFeatureAppTests.framework */; };
		D19FC0961ED9B0D3001C9B55 /* AppDelegate.swift in Sources */ = {isa = PBXBuildFile; fileRef = D19FC0951ED9B0D3001C9B55 /* AppDelegate.swift */; };
		D19FC09D1ED9B0D3001C9B55 /* Assets.xcassets in Resources */ = {isa = PBXBuildFile; fileRef = D19FC09C1ED9B0D3001C9B55 /* Assets.xcassets */; };
		D19FC0A01ED9B0D3001C9B55 /* LaunchScreen.storyboard in Resources */ = {isa = PBXBuildFile; fileRef = D19FC09E1ED9B0D3001C9B55 /* LaunchScreen.storyboard */; };
		D19FC0AB1ED9B0D3001C9B55 /* DogFeatureAppTests.swift in Sources */ = {isa = PBXBuildFile; fileRef = D19FC0AA1ED9B0D3001C9B55 /* DogFeatureAppTests.swift */; };
		D19FC0B61ED9B0D3001C9B55 /* DogFeatureAppUITests.swift in Sources */ = {isa = PBXBuildFile; fileRef = D19FC0B51ED9B0D3001C9B55 /* DogFeatureAppUITests.swift */; };
		D19FC0C81ED9B3A0001C9B55 /* DogFeature.framework in Frameworks */ = {isa = PBXBuildFile; fileRef = D19FC0C71ED9B3A0001C9B55 /* DogFeature.framework */; };
		D19FC0CA1ED9B3D0001C9B55 /* Context.framework in Frameworks */ = {isa = PBXBuildFile; fileRef = D19FC0C91ED9B3D0001C9B55 /* Context.framework */; };
/* End PBXBuildFile section */

/* Begin PBXContainerItemProxy section */
		D19FC0A71ED9B0D3001C9B55 /* PBXContainerItemProxy */ = {
			isa = PBXContainerItemProxy;
			containerPortal = D19FC08A1ED9B0D3001C9B55 /* Project object */;
			proxyType = 1;
			remoteGlobalIDString = D19FC0911ED9B0D3001C9B55;
			remoteInfo = DogFeatureApp;
		};
		D19FC0B21ED9B0D3001C9B55 /* PBXContainerItemProxy */ = {
			isa = PBXContainerItemProxy;
			containerPortal = D19FC08A1ED9B0D3001C9B55 /* Project object */;
			proxyType = 1;
			remoteGlobalIDString = D19FC0911ED9B0D3001C9B55;
			remoteInfo = DogFeatureApp;
		};
/* End PBXContainerItemProxy section */

/* Begin PBXFileReference section */
		0D274CB637BED1BA9A58AA2D /* Pods-DogFeatureAppTests.debug.xcconfig */ = {isa = PBXFileReference; includeInIndex = 1; lastKnownFileType = text.xcconfig; name = "Pods-DogFeatureAppTests.debug.xcconfig"; path = "Pods/Target Support Files/Pods-DogFeatureAppTests/Pods-DogFeatureAppTests.debug.xcconfig"; sourceTree = "<group>"; };
		123FB44E397889A5D369F317 /* Pods_DogFeatureAppTests.framework */ = {isa = PBXFileReference; explicitFileType = wrapper.framework; includeInIndex = 0; path = Pods_DogFeatureAppTests.framework; sourceTree = BUILT_PRODUCTS_DIR; };
		29923B8C510D67EA1689F9D4 /* Pods-DogFeatureApp.debug.xcconfig */ = {isa = PBXFileReference; includeInIndex = 1; lastKnownFileType = text.xcconfig; name = "Pods-DogFeatureApp.debug.xcconfig"; path = "Pods/Target Support Files/Pods-DogFeatureApp/Pods-DogFeatureApp.debug.xcconfig"; sourceTree = "<group>"; };
		3B820DAE92C8478F8EAAE247 /* Pods_DogFeatureApp.framework */ = {isa = PBXFileReference; explicitFileType = wrapper.framework; includeInIndex = 0; path = Pods_DogFeatureApp.framework; sourceTree = BUILT_PRODUCTS_DIR; };
		86588CE315B7C2E2BA028275 /* Pods-DogFeatureApp.release.xcconfig */ = {isa = PBXFileReference; includeInIndex = 1; lastKnownFileType = text.xcconfig; name = "Pods-DogFeatureApp.release.xcconfig"; path = "Pods/Target Support Files/Pods-DogFeatureApp/Pods-DogFeatureApp.release.xcconfig"; sourceTree = "<group>"; };
		9526C40CCD17D65F6C87C88F /* Pods-DogFeatureAppTests.release.xcconfig */ = {isa = PBXFileReference; includeInIndex = 1; lastKnownFileType = text.xcconfig; name = "Pods-DogFeatureAppTests.release.xcconfig"; path = "Pods/Target Support Files/Pods-DogFeatureAppTests/Pods-DogFeatureAppTests.release.xcconfig"; sourceTree = "<group>"; };
		D19FC0921ED9B0D3001C9B55 /* DogFeatureApp.app */ = {isa = PBXFileReference; explicitFileType = wrapper.application; includeInIndex = 0; path = DogFeatureApp.app; sourceTree = BUILT_PRODUCTS_DIR; };
		D19FC0951ED9B0D3001C9B55 /* AppDelegate.swift */ = {isa = PBXFileReference; lastKnownFileType = sourcecode.swift; path = AppDelegate.swift; sourceTree = "<group>"; };
		D19FC09C1ED9B0D3001C9B55 /* Assets.xcassets */ = {isa = PBXFileReference; lastKnownFileType = folder.assetcatalog; path = Assets.xcassets; sourceTree = "<group>"; };
		D19FC09F1ED9B0D3001C9B55 /* Base */ = {isa = PBXFileReference; lastKnownFileType = file.storyboard; name = Base; path = Base.lproj/LaunchScreen.storyboard; sourceTree = "<group>"; };
		D19FC0A11ED9B0D3001C9B55 /* Info.plist */ = {isa = PBXFileReference; lastKnownFileType = text.plist.xml; path = Info.plist; sourceTree = "<group>"; };
		D19FC0A61ED9B0D3001C9B55 /* DogFeatureAppTests.xctest */ = {isa = PBXFileReference; explicitFileType = wrapper.cfbundle; includeInIndex = 0; path = DogFeatureAppTests.xctest; sourceTree = BUILT_PRODUCTS_DIR; };
		D19FC0AA1ED9B0D3001C9B55 /* DogFeatureAppTests.swift */ = {isa = PBXFileReference; lastKnownFileType = sourcecode.swift; path = DogFeatureAppTests.swift; sourceTree = "<group>"; };
		D19FC0AC1ED9B0D3001C9B55 /* Info.plist */ = {isa = PBXFileReference; lastKnownFileType = text.plist.xml; path = Info.plist; sourceTree = "<group>"; };
		D19FC0B11ED9B0D3001C9B55 /* DogFeatureAppUITests.xctest */ = {isa = PBXFileReference; explicitFileType = wrapper.cfbundle; includeInIndex = 0; path = DogFeatureAppUITests.xctest; sourceTree = BUILT_PRODUCTS_DIR; };
		D19FC0B51ED9B0D3001C9B55 /* DogFeatureAppUITests.swift */ = {isa = PBXFileReference; lastKnownFileType = sourcecode.swift; path = DogFeatureAppUITests.swift; sourceTree = "<group>"; };
		D19FC0B71ED9B0D3001C9B55 /* Info.plist */ = {isa = PBXFileReference; lastKnownFileType = text.plist.xml; path = Info.plist; sourceTree = "<group>"; };
		D19FC0C31ED9B293001C9B55 /* DogFeature.framework */ = {isa = PBXFileReference; lastKnownFileType = wrapper.framework; name = DogFeature.framework; path = "../build/Debug-iphoneos/DogFeature.framework"; sourceTree = "<group>"; };
		D19FC0C71ED9B3A0001C9B55 /* DogFeature.framework */ = {isa = PBXFileReference; lastKnownFileType = wrapper.framework; name = DogFeature.framework; path = "../build/Debug-iphoneos/DogFeature.framework"; sourceTree = "<group>"; };
		D19FC0C91ED9B3D0001C9B55 /* Context.framework */ = {isa = PBXFileReference; lastKnownFileType = wrapper.framework; name = Context.framework; path = "../../Context/build/Debug-iphoneos/Context.framework"; sourceTree = "<group>"; };
/* End PBXFileReference section */

/* Begin PBXFrameworksBuildPhase section */
		D19FC08F1ED9B0D3001C9B55 /* Frameworks */ = {
			isa = PBXFrameworksBuildPhase;
			buildActionMask = 2147483647;
			files = (
				D19FC0CA1ED9B3D0001C9B55 /* Context.framework in Frameworks */,
				D19FC0C81ED9B3A0001C9B55 /* DogFeature.framework in Frameworks */,
				89C884F43D1FABFE9F752CBF /* Pods_DogFeatureApp.framework in Frameworks */,
			);
			runOnlyForDeploymentPostprocessing = 0;
		};
		D19FC0A31ED9B0D3001C9B55 /* Frameworks */ = {
			isa = PBXFrameworksBuildPhase;
			buildActionMask = 2147483647;
			files = (
				98C6020B7EA7294FBC0A34D4 /* Pods_DogFeatureAppTests.framework in Frameworks */,
			);
			runOnlyForDeploymentPostprocessing = 0;
		};
		D19FC0AE1ED9B0D3001C9B55 /* Frameworks */ = {
			isa = PBXFrameworksBuildPhase;
			buildActionMask = 2147483647;
			files = (
			);
			runOnlyForDeploymentPostprocessing = 0;
		};
/* End PBXFrameworksBuildPhase section */

/* Begin PBXGroup section */
		411E285DD5D40E8C9B2678F0 /* Pods */ = {
			isa = PBXGroup;
			children = (
				29923B8C510D67EA1689F9D4 /* Pods-DogFeatureApp.debug.xcconfig */,
				86588CE315B7C2E2BA028275 /* Pods-DogFeatureApp.release.xcconfig */,
				0D274CB637BED1BA9A58AA2D /* Pods-DogFeatureAppTests.debug.xcconfig */,
				9526C40CCD17D65F6C87C88F /* Pods-DogFeatureAppTests.release.xcconfig */,
			);
			name = Pods;
			sourceTree = "<group>";
		};
		D19FC0891ED9B0D3001C9B55 = {
			isa = PBXGroup;
			children = (
				D19FC0941ED9B0D3001C9B55 /* DogFeatureApp */,
				D19FC0A91ED9B0D3001C9B55 /* DogFeatureAppTests */,
				D19FC0B41ED9B0D3001C9B55 /* DogFeatureAppUITests */,
				E9F522FDDA4FC15B1C86F238 /* Frameworks */,
				411E285DD5D40E8C9B2678F0 /* Pods */,
				D19FC0931ED9B0D3001C9B55 /* Products */,
			);
			sourceTree = "<group>";
		};
		D19FC0931ED9B0D3001C9B55 /* Products */ = {
			isa = PBXGroup;
			children = (
				D19FC0921ED9B0D3001C9B55 /* DogFeatureApp.app */,
				D19FC0A61ED9B0D3001C9B55 /* DogFeatureAppTests.xctest */,
				D19FC0B11ED9B0D3001C9B55 /* DogFeatureAppUITests.xctest */,
			);
			name = Products;
			sourceTree = "<group>";
		};
		D19FC0941ED9B0D3001C9B55 /* DogFeatureApp */ = {
			isa = PBXGroup;
			children = (
				D19FC0951ED9B0D3001C9B55 /* AppDelegate.swift */,
				D19FC09C1ED9B0D3001C9B55 /* Assets.xcassets */,
				D19FC0A11ED9B0D3001C9B55 /* Info.plist */,
				D19FC09E1ED9B0D3001C9B55 /* LaunchScreen.storyboard */,
			);
			path = DogFeatureApp;
			sourceTree = "<group>";
		};
		D19FC0A91ED9B0D3001C9B55 /* DogFeatureAppTests */ = {
			isa = PBXGroup;
			children = (
				D19FC0AA1ED9B0D3001C9B55 /* DogFeatureAppTests.swift */,
				D19FC0AC1ED9B0D3001C9B55 /* Info.plist */,
			);
			path = DogFeatureAppTests;
			sourceTree = "<group>";
		};
		D19FC0B41ED9B0D3001C9B55 /* DogFeatureAppUITests */ = {
			isa = PBXGroup;
			children = (
				D19FC0B51ED9B0D3001C9B55 /* DogFeatureAppUITests.swift */,
				D19FC0B71ED9B0D3001C9B55 /* Info.plist */,
			);
			path = DogFeatureAppUITests;
			sourceTree = "<group>";
		};
		E9F522FDDA4FC15B1C86F238 /* Frameworks */ = {
			isa = PBXGroup;
			children = (
				D19FC0C91ED9B3D0001C9B55 /* Context.framework */,
				D19FC0C71ED9B3A0001C9B55 /* DogFeature.framework */,
				D19FC0C31ED9B293001C9B55 /* DogFeature.framework */,
				3B820DAE92C8478F8EAAE247 /* Pods_DogFeatureApp.framework */,
				123FB44E397889A5D369F317 /* Pods_DogFeatureAppTests.framework */,
			);
			name = Frameworks;
			sourceTree = "<group>";
		};
/* End PBXGroup section */

/* Begin PBXNativeTarget section */
		D19FC0911ED9B0D3001C9B55 /* DogFeatureApp */ = {
			isa = PBXNativeTarget;
			buildConfigurationList = D19FC0BA1ED9B0D3001C9B55 /* Build configuration list for PBXNativeTarget "DogFeatureApp" */;
			buildPhases = (
				41692809C56D282D5985A6F6 /* [CP] Check Pods Manifest.lock */,
				D19FC08E1ED9B0D3001C9B55 /* Sources */,
				D19FC08F1ED9B0D3001C9B55 /* Frameworks */,
				D19FC0901ED9B0D3001C9B55 /* Resources */,
				40E0D3C1F25B95969E53A4F8 /* [CP] Embed Pods Frameworks */,
				CEDEA4A58CB4188F46DB88EA /* [CP] Copy Pods Resources */,
			);
			buildRules = (
			);
			dependencies = (
			);
			name = DogFeatureApp;
			productName = DogFeatureApp;
			productReference = D19FC0921ED9B0D3001C9B55 /* DogFeatureApp.app */;
			productType = "com.apple.product-type.application";
		};
		D19FC0A51ED9B0D3001C9B55 /* DogFeatureAppTests */ = {
			isa = PBXNativeTarget;
			buildConfigurationList = D19FC0BD1ED9B0D3001C9B55 /* Build configuration list for PBXNativeTarget "DogFeatureAppTests" */;
			buildPhases = (
				CD345D6617B212948E2564B6 /* [CP] Check Pods Manifest.lock */,
				D19FC0A21ED9B0D3001C9B55 /* Sources */,
				D19FC0A31ED9B0D3001C9B55 /* Frameworks */,
				D19FC0A41ED9B0D3001C9B55 /* Resources */,
				332E91B53D232FB60EC6F899 /* [CP] Embed Pods Frameworks */,
				F9D5E0B189D9251CEB7DE4D2 /* [CP] Copy Pods Resources */,
			);
			buildRules = (
			);
			dependencies = (
				D19FC0A81ED9B0D3001C9B55 /* PBXTargetDependency */,
			);
			name = DogFeatureAppTests;
			productName = DogFeatureAppTests;
			productReference = D19FC0A61ED9B0D3001C9B55 /* DogFeatureAppTests.xctest */;
			productType = "com.apple.product-type.bundle.unit-test";
		};
		D19FC0B01ED9B0D3001C9B55 /* DogFeatureAppUITests */ = {
			isa = PBXNativeTarget;
			buildConfigurationList = D19FC0C01ED9B0D3001C9B55 /* Build configuration list for PBXNativeTarget "DogFeatureAppUITests" */;
			buildPhases = (
				D19FC0AD1ED9B0D3001C9B55 /* Sources */,
				D19FC0AE1ED9B0D3001C9B55 /* Frameworks */,
				D19FC0AF1ED9B0D3001C9B55 /* Resources */,
			);
			buildRules = (
			);
			dependencies = (
				D19FC0B31ED9B0D3001C9B55 /* PBXTargetDependency */,
			);
			name = DogFeatureAppUITests;
			productName = DogFeatureAppUITests;
			productReference = D19FC0B11ED9B0D3001C9B55 /* DogFeatureAppUITests.xctest */;
			productType = "com.apple.product-type.bundle.ui-testing";
		};
/* End PBXNativeTarget section */

/* Begin PBXProject section */
		D19FC08A1ED9B0D3001C9B55 /* Project object */ = {
			isa = PBXProject;
			attributes = {
				LastSwiftUpdateCheck = 0830;
				LastUpgradeCheck = 0830;
				ORGANIZATIONNAME = "Ronaldo II Dorado";
				TargetAttributes = {
					D19FC0911ED9B0D3001C9B55 = {
						CreatedOnToolsVersion = 8.3.1;
						ProvisioningStyle = Manual;
					};
					D19FC0A51ED9B0D3001C9B55 = {
						CreatedOnToolsVersion = 8.3.1;
						DevelopmentTeam = L9B5RH7JKU;
						ProvisioningStyle = Automatic;
						TestTargetID = D19FC0911ED9B0D3001C9B55;
					};
					D19FC0B01ED9B0D3001C9B55 = {
						CreatedOnToolsVersion = 8.3.1;
						DevelopmentTeam = L9B5RH7JKU;
						ProvisioningStyle = Automatic;
						TestTargetID = D19FC0911ED9B0D3001C9B55;
					};
				};
			};
			buildConfigurationList = D19FC08D1ED9B0D3001C9B55 /* Build configuration list for PBXProject "DogFeatureApp" */;
			compatibilityVersion = "Xcode 3.2";
			developmentRegion = English;
			hasScannedForEncodings = 0;
			knownRegions = (
				en,
				Base,
			);
			mainGroup = D19FC0891ED9B0D3001C9B55;
			productRefGroup = D19FC0931ED9B0D3001C9B55 /* Products */;
			projectDirPath = "";
			projectRoot = "";
			targets = (
				D19FC0911ED9B0D3001C9B55 /* DogFeatureApp */,
				D19FC0A51ED9B0D3001C9B55 /* DogFeatureAppTests */,
				D19FC0B01ED9B0D3001C9B55 /* DogFeatureAppUITests */,
			);
		};
/* End PBXProject section */

/* Begin PBXResourcesBuildPhase section */
		D19FC0901ED9B0D3001C9B55 /* Resources */ = {
			isa = PBXResourcesBuildPhase;
			buildActionMask = 2147483647;
			files = (
				D19FC0A01ED9B0D3001C9B55 /* LaunchScreen.storyboard in Resources */,
				D19FC09D1ED9B0D3001C9B55 /* Assets.xcassets in Resources */,
			);
			runOnlyForDeploymentPostprocessing = 0;
		};
		D19FC0A41ED9B0D3001C9B55 /* Resources */ = {
			isa = PBXResourcesBuildPhase;
			buildActionMask = 2147483647;
			files = (
			);
			runOnlyForDeploymentPostprocessing = 0;
		};
		D19FC0AF1ED9B0D3001C9B55 /* Resources */ = {
			isa = PBXResourcesBuildPhase;
			buildActionMask = 2147483647;
			files = (
			);
			runOnlyForDeploymentPostprocessing = 0;
		};
/* End PBXResourcesBuildPhase section */

/* Begin PBXShellScriptBuildPhase section */
		332E91B53D232FB60EC6F899 /* [CP] Embed Pods Frameworks */ = {
			isa = PBXShellScriptBuildPhase;
			buildActionMask = 2147483647;
			files = (
			);
			inputPaths = (
			);
			name = "[CP] Embed Pods Frameworks";
			outputPaths = (
			);
			runOnlyForDeploymentPostprocessing = 0;
			shellPath = /bin/sh;
			shellScript = "\"${SRCROOT}/Pods/Target Support Files/Pods-DogFeatureAppTests/Pods-DogFeatureAppTests-frameworks.sh\"\n";
			showEnvVarsInLog = 0;
		};
		40E0D3C1F25B95969E53A4F8 /* [CP] Embed Pods Frameworks */ = {
			isa = PBXShellScriptBuildPhase;
			buildActionMask = 2147483647;
			files = (
			);
			inputPaths = (
			);
			name = "[CP] Embed Pods Frameworks";
			outputPaths = (
			);
			runOnlyForDeploymentPostprocessing = 0;
			shellPath = /bin/sh;
			shellScript = "\"${SRCROOT}/Pods/Target Support Files/Pods-DogFeatureApp/Pods-DogFeatureApp-frameworks.sh\"\n";
			showEnvVarsInLog = 0;
		};
		41692809C56D282D5985A6F6 /* [CP] Check Pods Manifest.lock */ = {
			isa = PBXShellScriptBuildPhase;
			buildActionMask = 2147483647;
			files = (
			);
			inputPaths = (
			);
			name = "[CP] Check Pods Manifest.lock";
			outputPaths = (
			);
			runOnlyForDeploymentPostprocessing = 0;
			shellPath = /bin/sh;
			shellScript = "diff \"${PODS_ROOT}/../Podfile.lock\" \"${PODS_ROOT}/Manifest.lock\" > /dev/null\nif [ $? != 0 ] ; then\n    # print error to STDERR\n    echo \"error: The sandbox is not in sync with the Podfile.lock. Run 'pod install' or update your CocoaPods installation.\" >&2\n    exit 1\nfi\n";
			showEnvVarsInLog = 0;
		};
		CD345D6617B212948E2564B6 /* [CP] Check Pods Manifest.lock */ = {
			isa = PBXShellScriptBuildPhase;
			buildActionMask = 2147483647;
			files = (
			);
			inputPaths = (
			);
			name = "[CP] Check Pods Manifest.lock";
			outputPaths = (
			);
			runOnlyForDeploymentPostprocessing = 0;
			shellPath = /bin/sh;
			shellScript = "diff \"${PODS_ROOT}/../Podfile.lock\" \"${PODS_ROOT}/Manifest.lock\" > /dev/null\nif [ $? != 0 ] ; then\n    # print error to STDERR\n    echo \"error: The sandbox is not in sync with the Podfile.lock. Run 'pod install' or update your CocoaPods installation.\" >&2\n    exit 1\nfi\n";
			showEnvVarsInLog = 0;
		};
		CEDEA4A58CB4188F46DB88EA /* [CP] Copy Pods Resources */ = {
			isa = PBXShellScriptBuildPhase;
			buildActionMask = 2147483647;
			files = (
			);
			inputPaths = (
			);
			name = "[CP] Copy Pods Resources";
			outputPaths = (
			);
			runOnlyForDeploymentPostprocessing = 0;
			shellPath = /bin/sh;
			shellScript = "\"${SRCROOT}/Pods/Target Support Files/Pods-DogFeatureApp/Pods-DogFeatureApp-resources.sh\"\n";
			showEnvVarsInLog = 0;
		};
		F9D5E0B189D9251CEB7DE4D2 /* [CP] Copy Pods Resources */ = {
			isa = PBXShellScriptBuildPhase;
			buildActionMask = 2147483647;
			files = (
			);
			inputPaths = (
			);
			name = "[CP] Copy Pods Resources";
			outputPaths = (
			);
			runOnlyForDeploymentPostprocessing = 0;
			shellPath = /bin/sh;
			shellScript = "\"${SRCROOT}/Pods/Target Support Files/Pods-DogFeatureAppTests/Pods-DogFeatureAppTests-resources.sh\"\n";
			showEnvVarsInLog = 0;
		};
/* End PBXShellScriptBuildPhase section */

/* Begin PBXSourcesBuildPhase section */
		D19FC08E1ED9B0D3001C9B55 /* Sources */ = {
			isa = PBXSourcesBuildPhase;
			buildActionMask = 2147483647;
			files = (
				D19FC0961ED9B0D3001C9B55 /* AppDelegate.swift in Sources */,
			);
			runOnlyForDeploymentPostprocessing = 0;
		};
		D19FC0A21ED9B0D3001C9B55 /* Sources */ = {
			isa = PBXSourcesBuildPhase;
			buildActionMask = 2147483647;
			files = (
				D19FC0AB1ED9B0D3001C9B55 /* DogFeatureAppTests.swift in Sources */,
			);
			runOnlyForDeploymentPostprocessing = 0;
		};
		D19FC0AD1ED9B0D3001C9B55 /* Sources */ = {
			isa = PBXSourcesBuildPhase;
			buildActionMask = 2147483647;
			files = (
				D19FC0B61ED9B0D3001C9B55 /* DogFeatureAppUITests.swift in Sources */,
			);
			runOnlyForDeploymentPostprocessing = 0;
		};
/* End PBXSourcesBuildPhase section */

/* Begin PBXTargetDependency section */
		D19FC0A81ED9B0D3001C9B55 /* PBXTargetDependency */ = {
			isa = PBXTargetDependency;
			target = D19FC0911ED9B0D3001C9B55 /* DogFeatureApp */;
			targetProxy = D19FC0A71ED9B0D3001C9B55 /* PBXContainerItemProxy */;
		};
		D19FC0B31ED9B0D3001C9B55 /* PBXTargetDependency */ = {
			isa = PBXTargetDependency;
			target = D19FC0911ED9B0D3001C9B55 /* DogFeatureApp */;
			targetProxy = D19FC0B21ED9B0D3001C9B55 /* PBXContainerItemProxy */;
		};
/* End PBXTargetDependency section */

/* Begin PBXVariantGroup section */
		D19FC09E1ED9B0D3001C9B55 /* LaunchScreen.storyboard */ = {
			isa = PBXVariantGroup;
			children = (
				D19FC09F1ED9B0D3001C9B55 /* Base */,
			);
			name = LaunchScreen.storyboard;
			path = .;
			sourceTree = "<group>";
		};
/* End PBXVariantGroup section */

/* Begin XCBuildConfiguration section */
		D19FC0B81ED9B0D3001C9B55 /* Debug */ = {
			isa = XCBuildConfiguration;
			buildSettings = {
				ALWAYS_SEARCH_USER_PATHS = NO;
				CLANG_ANALYZER_NONNULL = YES;
				CLANG_ANALYZER_NUMBER_OBJECT_CONVERSION = YES_AGGRESSIVE;
				CLANG_CXX_LANGUAGE_STANDARD = "gnu++0x";
				CLANG_CXX_LIBRARY = "libc++";
				CLANG_ENABLE_MODULES = YES;
				CLANG_ENABLE_OBJC_ARC = YES;
				CLANG_WARN_BOOL_CONVERSION = YES;
				CLANG_WARN_CONSTANT_CONVERSION = YES;
				CLANG_WARN_DIRECT_OBJC_ISA_USAGE = YES_ERROR;
				CLANG_WARN_DOCUMENTATION_COMMENTS = YES;
				CLANG_WARN_EMPTY_BODY = YES;
				CLANG_WARN_ENUM_CONVERSION = YES;
				CLANG_WARN_INFINITE_RECURSION = YES;
				CLANG_WARN_INT_CONVERSION = YES;
				CLANG_WARN_OBJC_ROOT_CLASS = YES_ERROR;
				CLANG_WARN_SUSPICIOUS_MOVE = YES;
				CLANG_WARN_UNREACHABLE_CODE = YES;
				CLANG_WARN__DUPLICATE_METHOD_MATCH = YES;
				"CODE_SIGN_IDENTITY[sdk=iphoneos*]" = "iPhone Developer";
				COPY_PHASE_STRIP = NO;
				DEBUG_INFORMATION_FORMAT = dwarf;
				ENABLE_STRICT_OBJC_MSGSEND = YES;
				ENABLE_TESTABILITY = YES;
				GCC_C_LANGUAGE_STANDARD = gnu99;
				GCC_DYNAMIC_NO_PIC = NO;
				GCC_NO_COMMON_BLOCKS = YES;
				GCC_OPTIMIZATION_LEVEL = 0;
				GCC_PREPROCESSOR_DEFINITIONS = (
					"DEBUG=1",
					"$(inherited)",
				);
				GCC_WARN_64_TO_32_BIT_CONVERSION = YES;
				GCC_WARN_ABOUT_RETURN_TYPE = YES_ERROR;
				GCC_WARN_UNDECLARED_SELECTOR = YES;
				GCC_WARN_UNINITIALIZED_AUTOS = YES_AGGRESSIVE;
				GCC_WARN_UNUSED_FUNCTION = YES;
				GCC_WARN_UNUSED_VARIABLE = YES;
				IPHONEOS_DEPLOYMENT_TARGET = 10.3;
				MTL_ENABLE_DEBUG_INFO = YES;
				ONLY_ACTIVE_ARCH = YES;
				SDKROOT = iphoneos;
				SWIFT_ACTIVE_COMPILATION_CONDITIONS = DEBUG;
				SWIFT_OPTIMIZATION_LEVEL = "-Onone";
				TARGETED_DEVICE_FAMILY = "1,2";
			};
			name = Debug;
		};
		D19FC0B91ED9B0D3001C9B55 /* Release */ = {
			isa = XCBuildConfiguration;
			buildSettings = {
				ALWAYS_SEARCH_USER_PATHS = NO;
				CLANG_ANALYZER_NONNULL = YES;
				CLANG_ANALYZER_NUMBER_OBJECT_CONVERSION = YES_AGGRESSIVE;
				CLANG_CXX_LANGUAGE_STANDARD = "gnu++0x";
				CLANG_CXX_LIBRARY = "libc++";
				CLANG_ENABLE_MODULES = YES;
				CLANG_ENABLE_OBJC_ARC = YES;
				CLANG_WARN_BOOL_CONVERSION = YES;
				CLANG_WARN_CONSTANT_CONVERSION = YES;
				CLANG_WARN_DIRECT_OBJC_ISA_USAGE = YES_ERROR;
				CLANG_WARN_DOCUMENTATION_COMMENTS = YES;
				CLANG_WARN_EMPTY_BODY = YES;
				CLANG_WARN_ENUM_CONVERSION = YES;
				CLANG_WARN_INFINITE_RECURSION = YES;
				CLANG_WARN_INT_CONVERSION = YES;
				CLANG_WARN_OBJC_ROOT_CLASS = YES_ERROR;
				CLANG_WARN_SUSPICIOUS_MOVE = YES;
				CLANG_WARN_UNREACHABLE_CODE = YES;
				CLANG_WARN__DUPLICATE_METHOD_MATCH = YES;
				"CODE_SIGN_IDENTITY[sdk=iphoneos*]" = "iPhone Developer";
				COPY_PHASE_STRIP = NO;
				DEBUG_INFORMATION_FORMAT = "dwarf-with-dsym";
				ENABLE_NS_ASSERTIONS = NO;
				ENABLE_STRICT_OBJC_MSGSEND = YES;
				GCC_C_LANGUAGE_STANDARD = gnu99;
				GCC_NO_COMMON_BLOCKS = YES;
				GCC_WARN_64_TO_32_BIT_CONVERSION = YES;
				GCC_WARN_ABOUT_RETURN_TYPE = YES_ERROR;
				GCC_WARN_UNDECLARED_SELECTOR = YES;
				GCC_WARN_UNINITIALIZED_AUTOS = YES_AGGRESSIVE;
				GCC_WARN_UNUSED_FUNCTION = YES;
				GCC_WARN_UNUSED_VARIABLE = YES;
				IPHONEOS_DEPLOYMENT_TARGET = 10.3;
				MTL_ENABLE_DEBUG_INFO = NO;
				SDKROOT = iphoneos;
				SWIFT_OPTIMIZATION_LEVEL = "-Owholemodule";
				TARGETED_DEVICE_FAMILY = "1,2";
				VALIDATE_PRODUCT = YES;
			};
			name = Release;
		};
		D19FC0BB1ED9B0D3001C9B55 /* Debug */ = {
			isa = XCBuildConfiguration;
			baseConfigurationReference = 29923B8C510D67EA1689F9D4 /* Pods-DogFeatureApp.debug.xcconfig */;
			buildSettings = {
				ASSETCATALOG_COMPILER_APPICON_NAME = AppIcon;
				DEVELOPMENT_TEAM = "";
				INFOPLIST_FILE = DogFeatureApp/Info.plist;
				LD_RUNPATH_SEARCH_PATHS = "$(inherited) @executable_path/Frameworks";
				PRODUCT_BUNDLE_IDENTIFIER = com.dorado.ronaldo.DogFeatureApp;
				PRODUCT_NAME = "$(TARGET_NAME)";
				PROVISIONING_PROFILE_SPECIFIER = "";
				SWIFT_VERSION = 3.0;
			};
			name = Debug;
		};
		D19FC0BC1ED9B0D3001C9B55 /* Release */ = {
			isa = XCBuildConfiguration;
			baseConfigurationReference = 86588CE315B7C2E2BA028275 /* Pods-DogFeatureApp.release.xcconfig */;
			buildSettings = {
				ASSETCATALOG_COMPILER_APPICON_NAME = AppIcon;
				DEVELOPMENT_TEAM = "";
				INFOPLIST_FILE = DogFeatureApp/Info.plist;
				LD_RUNPATH_SEARCH_PATHS = "$(inherited) @executable_path/Frameworks";
				PRODUCT_BUNDLE_IDENTIFIER = com.dorado.ronaldo.DogFeatureApp;
				PRODUCT_NAME = "$(TARGET_NAME)";
				PROVISIONING_PROFILE_SPECIFIER = "";
				SWIFT_VERSION = 3.0;
			};
			name = Release;
		};
		D19FC0BE1ED9B0D3001C9B55 /* Debug */ = {
			isa = XCBuildConfiguration;
			baseConfigurationReference = 0D274CB637BED1BA9A58AA2D /* Pods-DogFeatureAppTests.debug.xcconfig */;
			buildSettings = {
				ALWAYS_EMBED_SWIFT_STANDARD_LIBRARIES = YES;
				BUNDLE_LOADER = "$(TEST_HOST)";
				DEVELOPMENT_TEAM = L9B5RH7JKU;
				INFOPLIST_FILE = DogFeatureAppTests/Info.plist;
				LD_RUNPATH_SEARCH_PATHS = "$(inherited) @executable_path/Frameworks @loader_path/Frameworks";
				PRODUCT_BUNDLE_IDENTIFIER = com.dorado.ronaldo.DogFeatureAppTests;
				PRODUCT_NAME = "$(TARGET_NAME)";
				SWIFT_VERSION = 3.0;
				TEST_HOST = "$(BUILT_PRODUCTS_DIR)/DogFeatureApp.app/DogFeatureApp";
			};
			name = Debug;
		};
		D19FC0BF1ED9B0D3001C9B55 /* Release */ = {
			isa = XCBuildConfiguration;
			baseConfigurationReference = 9526C40CCD17D65F6C87C88F /* Pods-DogFeatureAppTests.release.xcconfig */;
			buildSettings = {
				ALWAYS_EMBED_SWIFT_STANDARD_LIBRARIES = YES;
				BUNDLE_LOADER = "$(TEST_HOST)";
				DEVELOPMENT_TEAM = L9B5RH7JKU;
				INFOPLIST_FILE = DogFeatureAppTests/Info.plist;
				LD_RUNPATH_SEARCH_PATHS = "$(inherited) @executable_path/Frameworks @loader_path/Frameworks";
				PRODUCT_BUNDLE_IDENTIFIER = com.dorado.ronaldo.DogFeatureAppTests;
				PRODUCT_NAME = "$(TARGET_NAME)";
				SWIFT_VERSION = 3.0;
				TEST_HOST = "$(BUILT_PRODUCTS_DIR)/DogFeatureApp.app/DogFeatureApp";
			};
			name = Release;
		};
		D19FC0C11ED9B0D3001C9B55 /* Debug */ = {
			isa = XCBuildConfiguration;
			buildSettings = {
				ALWAYS_EMBED_SWIFT_STANDARD_LIBRARIES = YES;
				DEVELOPMENT_TEAM = L9B5RH7JKU;
				INFOPLIST_FILE = DogFeatureAppUITests/Info.plist;
				LD_RUNPATH_SEARCH_PATHS = "$(inherited) @executable_path/Frameworks @loader_path/Frameworks";
				PRODUCT_BUNDLE_IDENTIFIER = com.dorado.ronaldo.DogFeatureAppUITests;
				PRODUCT_NAME = "$(TARGET_NAME)";
				SWIFT_VERSION = 3.0;
				TEST_TARGET_NAME = DogFeatureApp;
			};
			name = Debug;
		};
		D19FC0C21ED9B0D3001C9B55 /* Release */ = {
			isa = XCBuildConfiguration;
			buildSettings = {
				ALWAYS_EMBED_SWIFT_STANDARD_LIBRARIES = YES;
				DEVELOPMENT_TEAM = L9B5RH7JKU;
				INFOPLIST_FILE = DogFeatureAppUITests/Info.plist;
				LD_RUNPATH_SEARCH_PATHS = "$(inherited) @executable_path/Frameworks @loader_path/Frameworks";
				PRODUCT_BUNDLE_IDENTIFIER = com.dorado.ronaldo.DogFeatureAppUITests;
				PRODUCT_NAME = "$(TARGET_NAME)";
				SWIFT_VERSION = 3.0;
				TEST_TARGET_NAME = DogFeatureApp;
			};
			name = Release;
		};
/* End XCBuildConfiguration section */

/* Begin XCConfigurationList section */
		D19FC08D1ED9B0D3001C9B55 /* Build configuration list for PBXProject "DogFeatureApp" */ = {
			isa = XCConfigurationList;
			buildConfigurations = (
				D19FC0B81ED9B0D3001C9B55 /* Debug */,
				D19FC0B91ED9B0D3001C9B55 /* Release */,
			);
			defaultConfigurationIsVisible = 0;
			defaultConfigurationName = Release;
		};
		D19FC0BA1ED9B0D3001C9B55 /* Build configuration list for PBXNativeTarget "DogFeatureApp" */ = {
			isa = XCConfigurationList;
			buildConfigurations = (
				D19FC0BB1ED9B0D3001C9B55 /* Debug */,
				D19FC0BC1ED9B0D3001C9B55 /* Release */,
			);
			defaultConfigurationIsVisible = 0;
			defaultConfigurationName = Release;
		};
		D19FC0BD1ED9B0D3001C9B55 /* Build configuration list for PBXNativeTarget "DogFeatureAppTests" */ = {
			isa = XCConfigurationList;
			buildConfigurations = (
				D19FC0BE1ED9B0D3001C9B55 /* Debug */,
				D19FC0BF1ED9B0D3001C9B55 /* Release */,
			);
			defaultConfigurationIsVisible = 0;
			defaultConfigurationName = Release;
		};
		D19FC0C01ED9B0D3001C9B55 /* Build configuration list for PBXNativeTarget "DogFeatureAppUITests" */ = {
			isa = XCConfigurationList;
			buildConfigurations = (
				D19FC0C11ED9B0D3001C9B55 /* Debug */,
				D19FC0C21ED9B0D3001C9B55 /* Release */,
			);
			defaultConfigurationIsVisible = 0;
			defaultConfigurationName = Release;
		};
/* End XCConfigurationList section */
	};
	rootObject = D19FC08A1ED9B0D3001C9B55 /* Project object */;
}
